
Microsoft Visual Studio Solution File, Format Version 12.00
# Visual Studio Version 16
VisualStudioVersion = 16.0.29911.84
MinimumVisualStudioVersion = 10.0.40219.1
Project("{FAE04EC0-301F-11D3-BF4B-00C04F79EFBC}") = "ProductSell", "ProductSell\ProductSell.csproj", "{D5C14750-CAF6-4E72-BD58-4DD3840662A0}"
EndProject
Project("{FAE04EC0-301F-11D3-BF4B-00C04F79EFBC}") = "SellUI", "SellUI\SellUI.csproj", "{F5D31D6C-128E-4476-87B1-88B29A495A3B}"
EndProject
Project("{FAE04EC0-301F-11D3-BF4B-00C04F79EFBC}") = "ProductSellTests", "ProductSellTests\ProductSellTests.csproj", "{1FAA34BC-F8A4-407C-B0D7-9738B2C9AC98}"
EndProject
Global
	GlobalSection(SolutionConfigurationPlatforms) = preSolution
		Debug|Any CPU = Debug|Any CPU
		Release|Any CPU = Release|Any CPU
	EndGlobalSection
	GlobalSection(ProjectConfigurationPlatforms) = postSolution
		{D5C14750-CAF6-4E72-BD58-4DD3840662A0}.Debug|Any CPU.ActiveCfg = Debug|Any CPU
		{D5C14750-CAF6-4E72-BD58-4DD3840662A0}.Debug|Any CPU.Build.0 = Debug|Any CPU
		{D5C14750-CAF6-4E72-BD58-4DD3840662A0}.Release|Any CPU.ActiveCfg = Release|Any CPU
		{D5C14750-CAF6-4E72-BD58-4DD3840662A0}.Release|Any CPU.Build.0 = Release|Any CPU
		{F5D31D6C-128E-4476-87B1-88B29A495A3B}.Debug|Any CPU.ActiveCfg = Debug|Any CPU
		{F5D31D6C-128E-4476-87B1-88B29A495A3B}.Debug|Any CPU.Build.0 = Debug|Any CPU
		{F5D31D6C-128E-4476-87B1-88B29A495A3B}.Release|Any CPU.ActiveCfg = Release|Any CPU
		{F5D31D6C-128E-4476-87B1-88B29A495A3B}.Release|Any CPU.Build.0 = Release|Any CPU
		{1FAA34BC-F8A4-407C-B0D7-9738B2C9AC98}.Debug|Any CPU.ActiveCfg = Debug|Any CPU
		{1FAA34BC-F8A4-407C-B0D7-9738B2C9AC98}.Debug|Any CPU.Build.0 = Debug|Any CPU
		{1FAA34BC-F8A4-407C-B0D7-9738B2C9AC98}.Release|Any CPU.ActiveCfg = Release|Any CPU
		{1FAA34BC-F8A4-407C-B0D7-9738B2C9AC98}.Release|Any CPU.Build.0 = Release|Any CPU
	EndGlobalSection
	GlobalSection(SolutionProperties) = preSolution
		HideSolutionNode = FALSE
	EndGlobalSection
	GlobalSection(ExtensibilityGlobals) = postSolution
		SolutionGuid = {7EAD6EB2-04D0-4D4D-9A4A-298010235C28}
	EndGlobalSection
EndGlobal
